
Microsoft Visual Studio Solution File, Format Version 12.00
# Visual Studio Version 17
VisualStudioVersion = 17.11.35327.3
MinimumVisualStudioVersion = 10.0.40219.1
Project("{FAE04EC0-301F-11D3-BF4B-00C04F79EFBC}") = "AppServices", "Services\AppServices.csproj", "{50B5FB19-A343-4473-9ADA-156FEE8FE61F}"
EndProject
Project("{FAE04EC0-301F-11D3-BF4B-00C04F79EFBC}") = "StockExchangeApp", "StockExchangeApp\StockExchangeApp.csproj", "{54D46450-A6D2-4EFE-B269-E0E7E2061C68}"
EndProject
Global
	GlobalSection(SolutionConfigurationPlatforms) = preSolution
		Debug|Any CPU = Debug|Any CPU
		Release|Any CPU = Release|Any CPU
	EndGlobalSection
	GlobalSection(ProjectConfigurationPlatforms) = postSolution
		{50B5FB19-A343-4473-9ADA-156FEE8FE61F}.Debug|Any CPU.ActiveCfg = Debug|Any CPU
		{50B5FB19-A343-4473-9ADA-156FEE8FE61F}.Debug|Any CPU.Build.0 = Debug|Any CPU
		{50B5FB19-A343-4473-9ADA-156FEE8FE61F}.Release|Any CPU.ActiveCfg = Release|Any CPU
		{50B5FB19-A343-4473-9ADA-156FEE8FE61F}.Release|Any CPU.Build.0 = Release|Any CPU
		{54D46450-A6D2-4EFE-B269-E0E7E2061C68}.Debug|Any CPU.ActiveCfg = Debug|Any CPU
		{54D46450-A6D2-4EFE-B269-E0E7E2061C68}.Debug|Any CPU.Build.0 = Debug|Any CPU
		{54D46450-A6D2-4EFE-B269-E0E7E2061C68}.Release|Any CPU.ActiveCfg = Release|Any CPU
		{54D46450-A6D2-4EFE-B269-E0E7E2061C68}.Release|Any CPU.Build.0 = Release|Any CPU
	EndGlobalSection
	GlobalSection(SolutionProperties) = preSolution
		HideSolutionNode = FALSE
	EndGlobalSection
	GlobalSection(ExtensibilityGlobals) = postSolution
		SolutionGuid = {4917286A-226C-46A0-BD6E-BF63F7FD7A92}
	EndGlobalSection
EndGlobal
